
Microsoft Visual Studio Solution File, Format Version 12.00
# Visual Studio Version 17
VisualStudioVersion = 17.11.35431.28
MinimumVisualStudioVersion = 10.0.40219.1
Project("{FAE04EC0-301F-11D3-BF4B-00C04F79EFBC}") = "SecureTcp.Server", "SecureTcp.Server\SecureTcp.Server.csproj", "{54B46430-6896-42A9-9FFE-A6979D391BC2}"
EndProject
Project("{FAE04EC0-301F-11D3-BF4B-00C04F79EFBC}") = "SecureTcp.Shared", "SecureTcp.Shared\SecureTcp.Shared.csproj", "{2AF574D2-A982-401D-B0CD-FC9F38EFC45B}"
EndProject
Project("{FAE04EC0-301F-11D3-BF4B-00C04F79EFBC}") = "SecureTcp.Client.App", "SecureTcp.Client.App\SecureTcp.Client.App.csproj", "{9CF5A1AD-BE30-48FB-ADC1-5ACB185DE84B}"
EndProject
Global
	GlobalSection(SolutionConfigurationPlatforms) = preSolution
		Debug|Any CPU = Debug|Any CPU
		Release|Any CPU = Release|Any CPU
	EndGlobalSection
	GlobalSection(ProjectConfigurationPlatforms) = postSolution
		{54B46430-6896-42A9-9FFE-A6979D391BC2}.Debug|Any CPU.ActiveCfg = Debug|Any CPU
		{54B46430-6896-42A9-9FFE-A6979D391BC2}.Debug|Any CPU.Build.0 = Debug|Any CPU
		{54B46430-6896-42A9-9FFE-A6979D391BC2}.Release|Any CPU.ActiveCfg = Release|Any CPU
		{54B46430-6896-42A9-9FFE-A6979D391BC2}.Release|Any CPU.Build.0 = Release|Any CPU
		{2AF574D2-A982-401D-B0CD-FC9F38EFC45B}.Debug|Any CPU.ActiveCfg = Debug|Any CPU
		{2AF574D2-A982-401D-B0CD-FC9F38EFC45B}.Debug|Any CPU.Build.0 = Debug|Any CPU
		{2AF574D2-A982-401D-B0CD-FC9F38EFC45B}.Release|Any CPU.ActiveCfg = Release|Any CPU
		{2AF574D2-A982-401D-B0CD-FC9F38EFC45B}.Release|Any CPU.Build.0 = Release|Any CPU
		{9CF5A1AD-BE30-48FB-ADC1-5ACB185DE84B}.Debug|Any CPU.ActiveCfg = Debug|Any CPU
		{9CF5A1AD-BE30-48FB-ADC1-5ACB185DE84B}.Debug|Any CPU.Build.0 = Debug|Any CPU
		{9CF5A1AD-BE30-48FB-ADC1-5ACB185DE84B}.Release|Any CPU.ActiveCfg = Release|Any CPU
		{9CF5A1AD-BE30-48FB-ADC1-5ACB185DE84B}.Release|Any CPU.Build.0 = Release|Any CPU
	EndGlobalSection
	GlobalSection(SolutionProperties) = preSolution
		HideSolutionNode = FALSE
	EndGlobalSection
	GlobalSection(ExtensibilityGlobals) = postSolution
		SolutionGuid = {54560CC2-9828-4880-87C6-43EF22FAC0E9}
	EndGlobalSection
EndGlobal
